
Microsoft Visual Studio Solution File, Format Version 12.00
# Visual Studio Version 16
VisualStudioVersion = 16.0.31424.327
MinimumVisualStudioVersion = 10.0.40219.1
Project("{FAE04EC0-301F-11D3-BF4B-00C04F79EFBC}") = "Map", "Map.csproj", "{9DAF9BF0-05B3-4A9B-A630-1D482190CC0E}"
EndProject
Global
	GlobalSection(SolutionConfigurationPlatforms) = preSolution
		Debug|Any CPU = Debug|Any CPU
		Release|Any CPU = Release|Any CPU
	EndGlobalSection
	GlobalSection(ProjectConfigurationPlatforms) = postSolution
		{9DAF9BF0-05B3-4A9B-A630-1D482190CC0E}.Debug|Any CPU.ActiveCfg = Debug|Any CPU
		{9DAF9BF0-05B3-4A9B-A630-1D482190CC0E}.Debug|Any CPU.Build.0 = Debug|Any CPU
		{9DAF9BF0-05B3-4A9B-A630-1D482190CC0E}.Release|Any CPU.ActiveCfg = Release|Any CPU
		{9DAF9BF0-05B3-4A9B-A630-1D482190CC0E}.Release|Any CPU.Build.0 = Release|Any CPU
	EndGlobalSection
	GlobalSection(SolutionProperties) = preSolution
		HideSolutionNode = FALSE
	EndGlobalSection
	GlobalSection(ExtensibilityGlobals) = postSolution
		SolutionGuid = {4883DA08-FF5E-469F-841B-AB363311C63A}
	EndGlobalSection
EndGlobal
